
Microsoft Visual Studio Solution File, Format Version 12.00
# Visual Studio Version 17
VisualStudioVersion = 17.11.35222.181
MinimumVisualStudioVersion = 10.0.40219.1
Project("{FAE04EC0-301F-11D3-BF4B-00C04F79EFBC}") = "#00 - SINTAXIS, VARIABLES, TIPOS DE DATOS Y HOLA MUNDO", "#00 - SINTAXIS, VARIABLES, TIPOS DE DATOS Y HOLA MUNDO.csproj", "{51897F7A-8FE8-4B2A-BD84-C2B514ABF58B}"
EndProject
Global
	GlobalSection(SolutionConfigurationPlatforms) = preSolution
		Debug|Any CPU = Debug|Any CPU
		Release|Any CPU = Release|Any CPU
	EndGlobalSection
	GlobalSection(ProjectConfigurationPlatforms) = postSolution
		{51897F7A-8FE8-4B2A-BD84-C2B514ABF58B}.Debug|Any CPU.ActiveCfg = Debug|Any CPU
		{51897F7A-8FE8-4B2A-BD84-C2B514ABF58B}.Debug|Any CPU.Build.0 = Debug|Any CPU
		{51897F7A-8FE8-4B2A-BD84-C2B514ABF58B}.Release|Any CPU.ActiveCfg = Release|Any CPU
		{51897F7A-8FE8-4B2A-BD84-C2B514ABF58B}.Release|Any CPU.Build.0 = Release|Any CPU
	EndGlobalSection
	GlobalSection(SolutionProperties) = preSolution
		HideSolutionNode = FALSE
	EndGlobalSection
	GlobalSection(ExtensibilityGlobals) = postSolution
		SolutionGuid = {12950049-9B39-4D66-A318-CF25F0C38084}
	EndGlobalSection
EndGlobal
